
Microsoft Visual Studio Solution File, Format Version 12.00
# Visual Studio Version 17
VisualStudioVersion = 17.7.34031.279
MinimumVisualStudioVersion = 10.0.40219.1
Project("{FAE04EC0-301F-11D3-BF4B-00C04F79EFBC}") = "Food_Delivery", "Food_Delivery\Food_Delivery.csproj", "{771EFD30-9C84-4AE4-A55E-2270A0027A82}"
EndProject
Global
	GlobalSection(SolutionConfigurationPlatforms) = preSolution
		Debug|Any CPU = Debug|Any CPU
		Release|Any CPU = Release|Any CPU
	EndGlobalSection
	GlobalSection(ProjectConfigurationPlatforms) = postSolution
		{771EFD30-9C84-4AE4-A55E-2270A0027A82}.Debug|Any CPU.ActiveCfg = Debug|Any CPU
		{771EFD30-9C84-4AE4-A55E-2270A0027A82}.Debug|Any CPU.Build.0 = Debug|Any CPU
		{771EFD30-9C84-4AE4-A55E-2270A0027A82}.Release|Any CPU.ActiveCfg = Release|Any CPU
		{771EFD30-9C84-4AE4-A55E-2270A0027A82}.Release|Any CPU.Build.0 = Release|Any CPU
	EndGlobalSection
	GlobalSection(SolutionProperties) = preSolution
		HideSolutionNode = FALSE
	EndGlobalSection
	GlobalSection(ExtensibilityGlobals) = postSolution
		SolutionGuid = {F66F7253-8A27-45AE-A3B8-2FA1866DC19A}
	EndGlobalSection
EndGlobal
